// !$*UTF8*$!
{
	archiveVersion = 1;
	classes = {
	};
	objectVersion = 46;
	objects = {

/* Begin PBXBuildFile section */
		43AA263C198F8CB4000116CF /* bson.cc in Sources */ = {isa = PBXBuildFile; fileRef = 43AA263A198F8CB4000116CF /* bson.cc */; };
		43AA263D198F8CB4000116CF /* bson.h in Headers */ = {isa = PBXBuildFile; fileRef = 43AA263B198F8CB4000116CF /* bson.h */; };
/* End PBXBuildFile section */

/* Begin PBXFileReference section */
		43AA2631198F8C46000116CF /* libcodereview.dylib */ = {isa = PBXFileReference; explicitFileType = "compiled.mach-o.dylib"; includeInIndex = 0; path = libcodereview.dylib; sourceTree = BUILT_PRODUCTS_DIR; };
		43AA2638198F8C8F000116CF /* .gitignore */ = {isa = PBXFileReference; lastKnownFileType = text; name = .gitignore; path = ../ext/.gitignore; sourceTree = "<group>"; };
		43AA263A198F8CB4000116CF /* bson.cc */ = {isa = PBXFileReference; fileEncoding = 4; lastKnownFileType = sourcecode.cpp.cpp; name = bson.cc; path = ../ext/bson.cc; sourceTree = "<group>"; };
		43AA263B198F8CB4000116CF /* bson.h */ = {isa = PBXFileReference; fileEncoding = 4; lastKnownFileType = sourcecode.c.h; name = bson.h; path = ../ext/bson.h; sourceTree = "<group>"; };
/* End PBXFileReference section */

/* Begin PBXFrameworksBuildPhase section */
		43AA262E198F8C46000116CF /* Frameworks */ = {
			isa = PBXFrameworksBuildPhase;
			buildActionMask = 2147483647;
			files = (
			);
			runOnlyForDeploymentPostprocessing = 0;
		};
/* End PBXFrameworksBuildPhase section */

/* Begin PBXGroup section */
		43AA2628198F8C46000116CF = {
			isa = PBXGroup;
			children = (
				43AA2639198F8CA0000116CF /* Files */,
				43AA2638198F8C8F000116CF /* .gitignore */,
				43AA2632198F8C46000116CF /* Products */,
			);
			sourceTree = "<group>";
		};
		43AA2632198F8C46000116CF /* Products */ = {
			isa = PBXGroup;
			children = (
				43AA2631198F8C46000116CF /* libcodereview.dylib */,
			);
			name = Products;
			sourceTree = "<group>";
		};
		43AA2639198F8CA0000116CF /* Files */ = {
			isa = PBXGroup;
			children = (
				43AA263A198F8CB4000116CF /* bson.cc */,
				43AA263B198F8CB4000116CF /* bson.h */,
			);
			name = Files;
			sourceTree = "<group>";
		};
/* End PBXGroup section */

/* Begin PBXHeadersBuildPhase section */
		43AA262F198F8C46000116CF /* Headers */ = {
			isa = PBXHeadersBuildPhase;
			buildActionMask = 2147483647;
			files = (
				43AA263D198F8CB4000116CF /* bson.h in Headers */,
			);
			runOnlyForDeploymentPostprocessing = 0;
		};
/* End PBXHeadersBuildPhase section */

/* Begin PBXNativeTarget section */
		43AA2630198F8C46000116CF /* codereview */ = {
			isa = PBXNativeTarget;
			buildConfigurationList = 43AA2635198F8C46000116CF /* Build configuration list for PBXNativeTarget "codereview" */;
			buildPhases = (
				43AA262D198F8C46000116CF /* Sources */,
				43AA262E198F8C46000116CF /* Frameworks */,
				43AA262F198F8C46000116CF /* Headers */,
			);
			buildRules = (
			);
			dependencies = (
			);
			name = codereview;
			productName = codereview;
			productReference = 43AA2631198F8C46000116CF /* libcodereview.dylib */;
			productType = "com.apple.product-type.library.dynamic";
		};
/* End PBXNativeTarget section */

/* Begin PBXProject section */
		43AA2629198F8C46000116CF /* Project object */ = {
			isa = PBXProject;
			attributes = {
				LastUpgradeCheck = 0510;
				ORGANIZATIONNAME = "Christian Kvalheim";
			};
			buildConfigurationList = 43AA262C198F8C46000116CF /* Build configuration list for PBXProject "codereview" */;
			compatibilityVersion = "Xcode 3.2";
			developmentRegion = English;
			hasScannedForEncodings = 0;
			knownRegions = (
				en,
			);
			mainGroup = 43AA2628198F8C46000116CF;
			productRefGroup = 43AA2632198F8C46000116CF /* Products */;
			projectDirPath = "";
			projectRoot = "";
			targets = (
				43AA2630198F8C46000116CF /* codereview */,
			);
		};
/* End PBXProject section */

/* Begin PBXSourcesBuildPhase section */
		43AA262D198F8C46000116CF /* Sources */ = {
			isa = PBXSourcesBuildPhase;
			buildActionMask = 2147483647;
			files = (
				43AA263C198F8CB4000116CF /* bson.cc in Sources */,
			);
			runOnlyForDeploymentPostprocessing = 0;
		};
/* End PBXSourcesBuildPhase section */

/* Begin XCBuildConfiguration section */
		43AA2633198F8C46000116CF /* Debug */ = {
			isa = XCBuildConfiguration;
			buildSettings = {
				ALWAYS_SEARCH_USER_PATHS = NO;
				CLANG_CXX_LANGUAGE_STANDARD = "gnu++0x";
				CLANG_CXX_LIBRARY = "libc++";
				CLANG_ENABLE_MODULES = YES;
				CLANG_ENABLE_OBJC_ARC = YES;
				CLANG_WARN_BOOL_CONVERSION = YES;
				CLANG_WARN_CONSTANT_CONVERSION = YES;
				CLANG_WARN_DIRECT_OBJC_ISA_USAGE = YES_ERROR;
				CLANG_WARN_EMPTY_BODY = YES;
				CLANG_WARN_ENUM_CONVERSION = YES;
				CLANG_WARN_INT_CONVERSION = YES;
				CLANG_WARN_OBJC_ROOT_CLASS = YES_ERROR;
				CLANG_WARN__DUPLICATE_METHOD_MATCH = YES;
				COPY_PHASE_STRIP = NO;
				GCC_C_LANGUAGE_STANDARD = gnu99;
				GCC_DYNAMIC_NO_PIC = NO;
				GCC_ENABLE_OBJC_EXCEPTIONS = YES;
				GCC_OPTIMIZATION_LEVEL = 0;
				GCC_PREPROCESSOR_DEFINITIONS = (
					"DEBUG=1",
					"$(inherited)",
				);
				GCC_SYMBOLS_PRIVATE_EXTERN = NO;
				GCC_WARN_64_TO_32_BIT_CONVERSION = YES;
				GCC_WARN_ABOUT_RETURN_TYPE = YES_ERROR;
				GCC_WARN_UNDECLARED_SELECTOR = YES;
				GCC_WARN_UNINITIALIZED_AUTOS = YES_AGGRESSIVE;
				GCC_WARN_UNUSED_FUNCTION = YES;
				GCC_WARN_UNUSED_VARIABLE = YES;
				MACOSX_DEPLOYMENT_TARGET = 10.9;
				ONLY_ACTIVE_ARCH = YES;
				SDKROOT = macosx;
			};
			name = Debug;
		};
		43AA2634198F8C46000116CF /* Release */ = {
			isa = XCBuildConfiguration;
			buildSettings = {
				ALWAYS_SEARCH_USER_PATHS = NO;
				CLANG_CXX_LANGUAGE_STANDARD = "gnu++0x";
				CLANG_CXX_LIBRARY = "libc++";
				CLANG_ENABLE_MODULES = YES;
				CLANG_ENABLE_OBJC_ARC = YES;
				CLANG_WARN_BOOL_CONVERSION = YES;
				CLANG_WARN_CONSTANT_CONVERSION = YES;
				CLANG_WARN_DIRECT_OBJC_ISA_USAGE = YES_ERROR;
				CLANG_WARN_EMPTY_BODY = YES;
				CLANG_WARN_ENUM_CONVERSION = YES;
				CLANG_WARN_INT_CONVERSION = YES;
				CLANG_WARN_OBJC_ROOT_CLASS = YES_ERROR;
				CLANG_WARN__DUPLICATE_METHOD_MATCH = YES;
				COPY_PHASE_STRIP = YES;
				DEBUG_INFORMATION_FORMAT = "dwarf-with-dsym";
				ENABLE_NS_ASSERTIONS = NO;
				GCC_C_LANGUAGE_STANDARD = gnu99;
				GCC_ENABLE_OBJC_EXCEPTIONS = YES;
				GCC_WARN_64_TO_32_BIT_CONVERSION = YES;
				GCC_WARN_ABOUT_RETURN_TYPE = YES_ERROR;
				GCC_WARN_UNDECLARED_SELECTOR = YES;
				GCC_WARN_UNINITIALIZED_AUTOS = YES_AGGRESSIVE;
				GCC_WARN_UNUSED_FUNCTION = YES;
				GCC_WARN_UNUSED_VARIABLE = YES;
				MACOSX_DEPLOYMENT_TARGET = 10.9;
				SDKROOT = macosx;
			};
			name = Release;
		};
		43AA2636198F8C46000116CF /* Debug */ = {
			isa = XCBuildConfiguration;
			buildSettings = {
				EXECUTABLE_PREFIX = lib;
				HEADER_SEARCH_PATHS = (
					"$(inherited)",
					/Applications/Xcode.app/Contents/Developer/Toolchains/XcodeDefault.xctoolchain/usr/include,
					"/Users/ck/coding/projects/js-bson/node_modules/nan",
					/usr/local/include/node,
				);
				PRODUCT_NAME = "$(TARGET_NAME)";
			};
			name = Debug;
		};
		43AA2637198F8C46000116CF /* Release */ = {
			isa = XCBuildConfiguration;
			buildSettings = {
				EXECUTABLE_PREFIX = lib;
				HEADER_SEARCH_PATHS = (
					"$(inherited)",
					/Applications/Xcode.app/Contents/Developer/Toolchains/XcodeDefault.xctoolchain/usr/include,
					"/Users/ck/coding/projects/js-bson/node_modules/nan",
					/usr/local/include/node,
				);
				PRODUCT_NAME = "$(TARGET_NAME)";
			};
			name = Release;
		};
/* End XCBuildConfiguration section */

/* Begin XCConfigurationList section */
		43AA262C198F8C46000116CF /* Build configuration list for PBXProject "codereview" */ = {
			isa = XCConfigurationList;
			buildConfigurations = (
				43AA2633198F8C46000116CF /* Debug */,
				43AA2634198F8C46000116CF /* Release */,
			);
			defaultConfigurationIsVisible = 0;
			defaultConfigurationName = Release;
		};
		43AA2635198F8C46000116CF /* Build configuration list for PBXNativeTarget "codereview" */ = {
			isa = XCConfigurationList;
			buildConfigurations = (
				43AA2636198F8C46000116CF /* Debug */,
				43AA2637198F8C46000116CF /* Release */,
			);
			defaultConfigurationIsVisible = 0;
		};
/* End XCConfigurationList section */
	};
	rootObject = 43AA2629198F8C46000116CF /* Project object */;
}
